{
  "name": "contract-redline-assistant",
  "version": "1.0.0",
  "lockfileVersion": 3,
  "requires": true,
  "packages": {
    "": {
      "name": "contract-redline-assistant",
      "version": "1.0.0",
      "hasInstallScript": true,
      "license": "MIT",
      "engines": {
        "node": ">=20.0.0"
      }
    }
  }
}
